{
  "lockfileVersion": 1,
  "workspaces": {
    "": {
      "name": "apple-music-discord-rpc",
      "dependencies": {
        "@ryuziii/discord-rpc": "^1.0.1-rc.1",
        "@types/discord-rpc": "^4.0.10",
        "apple-bridge": "^1.4.1",
        "discord-rpc": "^4.0.1",
        "discord-rpc-new": "^1.3.4",
        "itunes-bridge": "^0.6.7",
      },
      "devDependencies": {
        "@types/bun": "latest",
      },
      "peerDependencies": {
        "typescript": "^5",
      },
    },
  },
  "packages": {
    "@johnpaulvaughan/itunes-music-library-path": ["@johnpaulvaughan/itunes-music-library-path@2.0.2", "", { "dependencies": { "@johnpaulvaughan/promise-it-exists": "^1.0.0", "bluebird": "^3.4.6" } }, "sha512-r2lQPYg7dUHz+iDVmRuUC8tEoiCB90Nf4tAIeBy23jjlIqZsE8QCwb6bnlKrnCAxcl4OhWKL5Fk3uutBJiKLvw=="],

    "@johnpaulvaughan/promise-it-exists": ["@johnpaulvaughan/promise-it-exists@1.0.5", "", {}, "sha512-2ut/77gZIH6mS1kSpVnXLg6ptsV4DId9blLfI3zqgkvEwpc31eXoR/uWonFU+/Jk+5g2DY6onzvoBVQsJxJSzg=="],

    "@ryuziii/discord-rpc": ["@ryuziii/discord-rpc@1.0.1-rc.1", "", { "dependencies": { "@types/ws": "^8.18.1", "ws": "^8.18.3" } }, "sha512-q9YgU8Rj9To1LWzo4u8cXOHUorEkB5KZ5cdW80KoYtAUx+nQy7wYCEFiNh8kcmqFqQ8m3Fsx1IXx3UpVymkaSw=="],

    "@types/bun": ["@types/bun@1.3.10", "", { "dependencies": { "bun-types": "1.3.10" } }, "sha512-0+rlrUrOrTSskibryHbvQkDOWRJwJZqZlxrUs1u4oOoTln8+WIXBPmAuCF35SWB2z4Zl3E84Nl/D0P7803nigQ=="],

    "@types/discord-rpc": ["@types/discord-rpc@4.0.10", "", { "dependencies": { "@types/events": "*" } }, "sha512-V7uQUUjYHwQ+8LyTcPZvExOi8yv310XZgZxzsVljTXhmik4apgRuDj+oqz15n0On0qXunEuvDdhD7VZyQgXm6g=="],

    "@types/events": ["@types/events@3.0.3", "", {}, "sha512-trOc4AAUThEz9hapPtSd7wf5tiQKvTtu5b371UxXdTuqzIh0ArcRspRP0i0Viu+LXstIQ1z96t1nsPxT9ol01g=="],

    "@types/node": ["@types/node@25.3.3", "", { "dependencies": { "undici-types": "~7.18.0" } }, "sha512-DpzbrH7wIcBaJibpKo9nnSQL0MTRdnWttGyE5haGwK86xgMOkFLp7vEyfQPGLOJh5wNYiJ3V9PmUMDhV9u8kkQ=="],

    "@types/ws": ["@types/ws@8.18.1", "", { "dependencies": { "@types/node": "*" } }, "sha512-ThVF6DCVhA8kUGy+aazFQ4kXQ7E1Ty7A3ypFOe0IcJV8O/M511G99AW24irKrW56Wt44yG9+ij8FaqoBGkuBXg=="],

    "apple-bridge": ["apple-bridge@1.4.1", "", { "dependencies": { "child-process-promise": "^2.2.1" } }, "sha512-Lr7eWEheMzOWSr3rrP7mZd8cJlMrTW6Wkx55hF3TJ2M0teNtze9CM+MkoMUSuqNRNMXAD3EqMxQOvEFsjJnCNg=="],

    "base64-js": ["base64-js@1.2.0", "", {}, "sha512-hURVuTTGLOppKhjSe9lZy4NCjnvaIAF/juwazv4WtHwsk5rxKrU1WbxN+XtwKDSvkrNbIIaTBQd9wUsSwruZUg=="],

    "bindings": ["bindings@1.5.0", "", { "dependencies": { "file-uri-to-path": "1.0.0" } }, "sha512-p2q/t/mhvuOj/UeLlV6566GD/guowlr0hHxClI0W9m7MWYkL1F0hLo+0Aexs9HSPCtR1SXQ0TD3MMKrXZajbiQ=="],

    "bluebird": ["bluebird@3.7.2", "", {}, "sha512-XpNj6GDQzdfW+r2Wnn7xiSAd7TM3jzkxGXBGTtWKuSXv1xUV+azxAm8jdWZN06QTQk+2N2XB9jRDkvbmQmcRtg=="],

    "bun-types": ["bun-types@1.3.10", "", { "dependencies": { "@types/node": "*" } }, "sha512-tcpfCCl6XWo6nCVnpcVrxQ+9AYN1iqMIzgrSKYMB/fjLtV2eyAVEg7AxQJuCq/26R6HpKWykQXuSOq/21RYcbg=="],

    "child-process-promise": ["child-process-promise@2.2.1", "", { "dependencies": { "cross-spawn": "^4.0.2", "node-version": "^1.0.0", "promise-polyfill": "^6.0.1" } }, "sha512-Fi4aNdqBsr0mv+jgWxcZ/7rAIC2mgihrptyVI4foh/rrjY/3BNjfP9+oaiFx/fzim+1ZyCNBae0DlyfQhSugog=="],

    "compare-versions": ["compare-versions@3.6.0", "", {}, "sha512-W6Af2Iw1z4CB7q4uU4hv646dW9GQuBM+YpC0UvUCWSD8w90SJjp+ujJuXaEMtAXBtSqGfMPuFOVn4/+FlaqfBA=="],

    "cross-spawn": ["cross-spawn@4.0.2", "", { "dependencies": { "lru-cache": "^4.0.1", "which": "^1.2.9" } }, "sha512-yAXz/pA1tD8Gtg2S98Ekf/sewp3Lcp3YoFKJ4Hkp5h5yLWnKVTDU0kwjKJ8NDCYcfTLfyGkzTikst+jWypT1iA=="],

    "discord-rpc": ["discord-rpc@4.0.1", "", { "dependencies": { "node-fetch": "^2.6.1", "ws": "^7.3.1" }, "optionalDependencies": { "register-scheme": "github:devsnek/node-register-scheme" } }, "sha512-HOvHpbq5STRZJjQIBzwoKnQ0jHplbEWFWlPDwXXKm/bILh4nzjcg7mNqll0UY7RsjFoaXA7e/oYb/4lvpda2zA=="],

    "discord-rpc-new": ["discord-rpc-new@1.3.4", "", { "peerDependencies": { "typescript": "^5.9.3" } }, "sha512-QHXTZpzzZP9gCSLX/r+VB7cc3TzM/e3c7OAXALZZczvEZgwM3n8hMMC3XE5tA9gPDu5JVMLEEfc9N4w4UTpUAg=="],

    "file-uri-to-path": ["file-uri-to-path@1.0.0", "", {}, "sha512-0Zt+s3L7Vf1biwWZ29aARiVYLx7iMGnEUl9x33fbB/j3jR81u/O2LbqK+Bm1CDSNDKVtJ/YjwY7TUd5SkeLQLw=="],

    "isexe": ["isexe@2.0.0", "", {}, "sha512-RHxMLp9lnKHGHRng9QFhRCMbYAcVpn69smSGcq3f36xjgVVWThj4qqLbTLlq7Ssj8B+fIQ1EuCEGI2lKsyQeIw=="],

    "itunes-bridge": ["itunes-bridge@0.6.7", "", { "dependencies": { "@johnpaulvaughan/itunes-music-library-path": "^2.0.2", "compare-versions": "^3.6.0", "plist": "^2.1.0" } }, "sha512-FV3UHwSzotdaTXfx8jFZ+Basd1xS7K56q3CmAqYZ9wlUzDdNu7bMAQQTOVufkNmFO2orhm1gZ8cg7qNciC8ojQ=="],

    "lru-cache": ["lru-cache@4.1.5", "", { "dependencies": { "pseudomap": "^1.0.2", "yallist": "^2.1.2" } }, "sha512-sWZlbEP2OsHNkXrMl5GYk/jKk70MBng6UU4YI/qGDYbgf6YbP4EvmqISbXCoJiRKs+1bSpFHVgQxvJ17F2li5g=="],

    "node-addon-api": ["node-addon-api@1.7.2", "", {}, "sha512-ibPK3iA+vaY1eEjESkQkM0BbCqFOaZMiXRTtdB0u7b4djtY6JnsjvPdUHVMg6xQt3B8fpTTWHI9A+ADjM9frzg=="],

    "node-fetch": ["node-fetch@2.7.0", "", { "dependencies": { "whatwg-url": "^5.0.0" }, "peerDependencies": { "encoding": "^0.1.0" }, "optionalPeers": ["encoding"] }, "sha512-c4FRfUm/dbcWZ7U+1Wq0AwCyFL+3nt2bEw05wfxSz+DWpWsitgmSgYmy2dQdWyKC1694ELPqMs/YzUSNozLt8A=="],

    "node-version": ["node-version@1.2.0", "", {}, "sha512-ma6oU4Sk0qOoKEAymVoTvk8EdXEobdS7m/mAGhDJ8Rouugho48crHBORAmy5BoOcv8wraPM6xumapQp5hl4iIQ=="],

    "plist": ["plist@2.1.0", "", { "dependencies": { "base64-js": "1.2.0", "xmlbuilder": "8.2.2", "xmldom": "0.1.x" } }, "sha512-yirJ+8SSb8o7pkfyNv+fTzUP0GbK52HMvh0MjMycCxvpL8rHiAfKhXU/3R5znSJnrGakV0WNZhr8yTR4//PjyA=="],

    "promise-polyfill": ["promise-polyfill@6.1.0", "", {}, "sha512-g0LWaH0gFsxovsU7R5LrrhHhWAWiHRnh1GPrhXnPgYsDkIqjRYUYSZEsej/wtleDrz5xVSIDbeKfidztp2XHFQ=="],

    "pseudomap": ["pseudomap@1.0.2", "", {}, "sha512-b/YwNhb8lk1Zz2+bXXpS/LK9OisiZZ1SNsSLxN1x2OXVEhW2Ckr/7mWE5vrC1ZTiJlD9g19jWszTmJsB+oEpFQ=="],

    "register-scheme": ["register-scheme@github:devsnek/node-register-scheme#e7cc9a6", { "dependencies": { "bindings": "^1.3.0", "node-addon-api": "^1.3.0" } }, "devsnek-node-register-scheme-e7cc9a6"],

    "tr46": ["tr46@0.0.3", "", {}, "sha512-N3WMsuqV66lT30CrXNbEjx4GEwlow3v6rr4mCcv6prnfwhS01rkgyFdjPNBYd9br7LpXV1+Emh01fHnq2Gdgrw=="],

    "typescript": ["typescript@5.9.3", "", { "bin": { "tsc": "bin/tsc", "tsserver": "bin/tsserver" } }, "sha512-jl1vZzPDinLr9eUt3J/t7V6FgNEw9QjvBPdysz9KfQDD41fQrC2Y4vKQdiaUpFT4bXlb1RHhLpp8wtm6M5TgSw=="],

    "undici-types": ["undici-types@7.18.2", "", {}, "sha512-AsuCzffGHJybSaRrmr5eHr81mwJU3kjw6M+uprWvCXiNeN9SOGwQ3Jn8jb8m3Z6izVgknn1R0FTCEAP2QrLY/w=="],

    "webidl-conversions": ["webidl-conversions@3.0.1", "", {}, "sha512-2JAn3z8AR6rjK8Sm8orRC0h/bcl/DqL7tRPdGZ4I1CjdF+EaMLmYxBHyXuKL849eucPFhvBoxMsflfOb8kxaeQ=="],

    "whatwg-url": ["whatwg-url@5.0.0", "", { "dependencies": { "tr46": "~0.0.3", "webidl-conversions": "^3.0.0" } }, "sha512-saE57nupxk6v3HY35+jzBwYa0rKSy0XR8JSxZPwgLr7ys0IBzhGviA1/TUGJLmSVqs8pb9AnvICXEuOHLprYTw=="],

    "which": ["which@1.3.1", "", { "dependencies": { "isexe": "^2.0.0" }, "bin": { "which": "./bin/which" } }, "sha512-HxJdYWq1MTIQbJ3nw0cqssHoTNU267KlrDuGZ1WYlxDStUtKUhOaJmh112/TZmHxxUfuJqPXSOm7tDyas0OSIQ=="],

    "ws": ["ws@8.19.0", "", { "peerDependencies": { "bufferutil": "^4.0.1", "utf-8-validate": ">=5.0.2" }, "optionalPeers": ["bufferutil", "utf-8-validate"] }, "sha512-blAT2mjOEIi0ZzruJfIhb3nps74PRWTCz1IjglWEEpQl5XS/UNama6u2/rjFkDDouqr4L67ry+1aGIALViWjDg=="],

    "xmlbuilder": ["xmlbuilder@8.2.2", "", {}, "sha512-eKRAFz04jghooy8muekqzo8uCSVNeyRedbuJrp0fovbLIi7wlsYtdUn3vBAAPq2Y3/0xMz2WMEUQ8yhVVO9Stw=="],

    "xmldom": ["xmldom@0.1.31", "", {}, "sha512-yS2uJflVQs6n+CyjHoaBmVSqIDevTAWrzMmjG1Gc7h1qQ7uVozNhEPJAwZXWyGQ/Gafo3fCwrcaokezLPupVyQ=="],

    "yallist": ["yallist@2.1.2", "", {}, "sha512-ncTzHV7NvsQZkYe1DW7cbDLm0YpzHmZF5r/iyP3ZnQtMiJ+pjzisCiMNI+Sj+xQF5pXhSHxSB3uDbsBTzY/c2A=="],

    "discord-rpc/ws": ["ws@7.5.10", "", { "peerDependencies": { "bufferutil": "^4.0.1", "utf-8-validate": "^5.0.2" }, "optionalPeers": ["bufferutil", "utf-8-validate"] }, "sha512-+dbF1tHwZpXcbOJdVOkzLDxZP1ailvSxM6ZweXTegylPny803bFhA+vqBYw4s31NSAk4S2Qz+AKXK9a4wkdjcQ=="],
  }
}
